{
  "name": "typechat-py",
  "version": "0.0.4",
  "lockfileVersion": 3,
  "requires": true,
  "packages": {
    "": {
      "name": "typechat-py",
      "version": "0.0.4",
      "license": "MIT",
      "devDependencies": {
        "pyright": "1.1.358"
      }
    },
    "node_modules/fsevents": {
      "version": "2.3.3",
      "resolved": "https://registry.npmjs.org/fsevents/-/fsevents-2.3.3.tgz",
      "integrity": "sha512-5xoDfX+fL7faATnagmWPpbFtwh/R77WmMMqqHGS65C3vvB0YHrgF+B1YmZ3441tMj5n63k0212XNoJwzlhffQw==",
      "dev": true,
      "hasInstallScript": true,
      "optional": true,
      "os": [
        "darwin"
      ],
      "engines": {
        "node": "^8.16.0 || ^10.6.0 || >=11.0.0"
      }
    },
    "node_modules/pyright": {
      "version": "1.1.358",
      "resolved": "https://registry.npmjs.org/pyright/-/pyright-1.1.358.tgz",
      "integrity": "sha512-M3zlRf+7bK/8vv5Q1EyfW9hQ2J0yOyS7j2GRwBrl2bJKPTS2AtPy8eR3IAitfOclENxUFDA/4PilHq0IrCj8Yg==",
      "dev": true,
      "bin": {
        "pyright": "index.js",
        "pyright-langserver": "langserver.index.js"
      },
      "engines": {
        "node": ">=14.0.0"
      },
      "optionalDependencies": {
        "fsevents": "~2.3.3"
      }
    }
  }
}
